
Microsoft Visual Studio Solution File, Format Version 12.00
# Visual Studio Version 17
VisualStudioVersion = 17.1.32319.34
MinimumVisualStudioVersion = 10.0.40219.1
Project("{9A19103F-16F7-4668-BE54-9A1E7A4F7556}") = "MeDirectAssestment", "MiDirectAssestment\MeDirectAssestment.csproj", "{8DA09D42-2CFB-4113-BF55-B0447ED6463E}"
EndProject
Global
	GlobalSection(SolutionConfigurationPlatforms) = preSolution
		Debug|Any CPU = Debug|Any CPU
		Release|Any CPU = Release|Any CPU
	EndGlobalSection
	GlobalSection(ProjectConfigurationPlatforms) = postSolution
		{8DA09D42-2CFB-4113-BF55-B0447ED6463E}.Debug|Any CPU.ActiveCfg = Debug|Any CPU
		{8DA09D42-2CFB-4113-BF55-B0447ED6463E}.Debug|Any CPU.Build.0 = Debug|Any CPU
		{8DA09D42-2CFB-4113-BF55-B0447ED6463E}.Release|Any CPU.ActiveCfg = Release|Any CPU
		{8DA09D42-2CFB-4113-BF55-B0447ED6463E}.Release|Any CPU.Build.0 = Release|Any CPU
	EndGlobalSection
	GlobalSection(SolutionProperties) = preSolution
		HideSolutionNode = FALSE
	EndGlobalSection
	GlobalSection(ExtensibilityGlobals) = postSolution
		SolutionGuid = {FFFE0159-7001-40F9-A30D-725025840731}
	EndGlobalSection
EndGlobal
